
Microsoft Visual Studio Solution File, Format Version 12.00
# Visual Studio 15
Project("{FAE04EC0-301F-11D3-BF4B-00C04F79EFBC}") = "UnityEngine.TestRunner", "UnityEngine.TestRunner.csproj", "{775EF7C8-8E55-ACA4-ACC9-5CE27DB8B6EB}"
EndProject
Project("{FAE04EC0-301F-11D3-BF4B-00C04F79EFBC}") = "Unity.Mathematics", "Unity.Mathematics.csproj", "{03950B3B-AF5A-20A0-138C-E0923000631E}"
EndProject
Project("{FAE04EC0-301F-11D3-BF4B-00C04F79EFBC}") = "Unity.Timeline", "Unity.Timeline.csproj", "{80D492BD-C878-5D69-70F1-37B5C20D2D69}"
EndProject
Project("{FAE04EC0-301F-11D3-BF4B-00C04F79EFBC}") = "UnityEngine.UI", "UnityEngine.UI.csproj", "{15DD3F12-0142-5C30-339E-7B425738C504}"
EndProject
Project("{FAE04EC0-301F-11D3-BF4B-00C04F79EFBC}") = "Unity.TextMeshPro", "Unity.TextMeshPro.csproj", "{A09FCAAB-B179-A6C3-55C7-7F799E62F254}"
EndProject
Project("{FAE04EC0-301F-11D3-BF4B-00C04F79EFBC}") = "Unity.2D.Animation.Runtime", "Unity.2D.Animation.Runtime.csproj", "{03D47F7E-340A-9A7A-B7ED-6095298BF56A}"
EndProject
Project("{FAE04EC0-301F-11D3-BF4B-00C04F79EFBC}") = "Unity.2D.IK.Runtime", "Unity.2D.IK.Runtime.csproj", "{641B8B18-17AA-5817-0776-45CDC799AD4D}"
EndProject
Project("{FAE04EC0-301F-11D3-BF4B-00C04F79EFBC}") = "Unity.2D.SpriteShape.Runtime", "Unity.2D.SpriteShape.Runtime.csproj", "{60C229F8-07FE-BDBE-5920-D09ED7CAA628}"
EndProject
Project("{FAE04EC0-301F-11D3-BF4B-00C04F79EFBC}") = "Assembly-CSharp", "Assembly-CSharp.csproj", "{C04D030D-8EB3-4B2F-E198-035EADE560E7}"
EndProject
Project("{FAE04EC0-301F-11D3-BF4B-00C04F79EFBC}") = "Unity.2D.PixelPerfect", "Unity.2D.PixelPerfect.csproj", "{3A5A4558-D003-D504-84FD-C7EF83AE421C}"
EndProject
Project("{FAE04EC0-301F-11D3-BF4B-00C04F79EFBC}") = "Unity.2D.Common.Runtime", "Unity.2D.Common.Runtime.csproj", "{B8AF0F22-6635-2CAA-039F-8C81C6F92C67}"
EndProject
Project("{FAE04EC0-301F-11D3-BF4B-00C04F79EFBC}") = "Unity.InternalAPIEngineBridge.001", "Unity.InternalAPIEngineBridge.001.csproj", "{1822EC5F-DD27-29FC-5D87-36D370026CBB}"
EndProject
Project("{FAE04EC0-301F-11D3-BF4B-00C04F79EFBC}") = "UnityEditor.TestRunner", "UnityEditor.TestRunner.csproj", "{C8CF7129-AF6F-A9BE-9AFC-FC6910384C94}"
EndProject
Project("{FAE04EC0-301F-11D3-BF4B-00C04F79EFBC}") = "Unity.PlasticSCM.Editor", "Unity.PlasticSCM.Editor.csproj", "{A78039D1-B260-2ECF-80AB-256E39AA393D}"
EndProject
Project("{FAE04EC0-301F-11D3-BF4B-00C04F79EFBC}") = "Unity.2D.Animation.Triangle.Editor", "Unity.2D.Animation.Triangle.Editor.csproj", "{CB094913-EC4B-AF08-B0F8-29C9DC8FE318}"
EndProject
Project("{FAE04EC0-301F-11D3-BF4B-00C04F79EFBC}") = "UnityEditor.UI", "UnityEditor.UI.csproj", "{296DBFF0-52F8-47CA-8C90-5B468ED591EE}"
EndProject
Project("{FAE04EC0-301F-11D3-BF4B-00C04F79EFBC}") = "Unity.Services.Core.Editor", "Unity.Services.Core.Editor.csproj", "{DB1537EE-A182-48C8-FB55-08547281F9EE}"
EndProject
Project("{FAE04EC0-301F-11D3-BF4B-00C04F79EFBC}") = "Unity.Timeline.Editor", "Unity.Timeline.Editor.csproj", "{12A4C69E-9869-6FAD-2D8B-E99D2B18A06A}"
EndProject
Project("{FAE04EC0-301F-11D3-BF4B-00C04F79EFBC}") = "Unity.VisualStudio.Editor", "Unity.VisualStudio.Editor.csproj", "{6B490FF7-0F23-77FC-5597-5CE1D78AC131}"
EndProject
Project("{FAE04EC0-301F-11D3-BF4B-00C04F79EFBC}") = "Unity.2D.Psdimporter.Editor", "Unity.2D.Psdimporter.Editor.csproj", "{42FF2C57-C145-777D-03EC-08F4CB452CC7}"
EndProject
Project("{FAE04EC0-301F-11D3-BF4B-00C04F79EFBC}") = "Unity.2D.Animation.Editor", "Unity.2D.Animation.Editor.csproj", "{5F3191DF-3CA5-80C8-A69E-9613CD6AFCE3}"
EndProject
Project("{FAE04EC0-301F-11D3-BF4B-00C04F79EFBC}") = "Unity.TextMeshPro.Editor", "Unity.TextMeshPro.Editor.csproj", "{7AEA06BE-91DD-9174-2F78-8B53B324AFBF}"
EndProject
Project("{FAE04EC0-301F-11D3-BF4B-00C04F79EFBC}") = "Unity.2D.SpriteShape.Editor", "Unity.2D.SpriteShape.Editor.csproj", "{44DFC0A5-909B-A0AA-4CD7-14F8DA83C1F8}"
EndProject
Project("{FAE04EC0-301F-11D3-BF4B-00C04F79EFBC}") = "Unity.CollabProxy.Editor", "Unity.CollabProxy.Editor.csproj", "{F4C4561B-4915-E45E-7EC2-99B8F1E08243}"
EndProject
Project("{FAE04EC0-301F-11D3-BF4B-00C04F79EFBC}") = "PsdPlugin", "PsdPlugin.csproj", "{D71CDE32-E940-188D-6465-BDA26C60DF83}"
EndProject
Project("{FAE04EC0-301F-11D3-BF4B-00C04F79EFBC}") = "Unity.2D.Path.Editor", "Unity.2D.Path.Editor.csproj", "{EFA1DE66-62EF-D09D-3C61-CE8E02B1D323}"
EndProject
Project("{FAE04EC0-301F-11D3-BF4B-00C04F79EFBC}") = "Unity.Rider.Editor", "Unity.Rider.Editor.csproj", "{8AD06300-0CC5-680C-43E1-B16D933945D1}"
EndProject
Project("{FAE04EC0-301F-11D3-BF4B-00C04F79EFBC}") = "Unity.2D.IK.Editor", "Unity.2D.IK.Editor.csproj", "{0A654004-7350-A4A5-09BB-A26CA08AC40F}"
EndProject
Project("{FAE04EC0-301F-11D3-BF4B-00C04F79EFBC}") = "Unity.2D.Sprite.Editor", "Unity.2D.Sprite.Editor.csproj", "{8094CD38-9361-C30D-14DD-54160688ED92}"
EndProject
Project("{FAE04EC0-301F-11D3-BF4B-00C04F79EFBC}") = "Unity.2D.Tilemap.Editor", "Unity.2D.Tilemap.Editor.csproj", "{5454CA8D-F216-B9AF-C903-D44A3E30336C}"
EndProject
Project("{FAE04EC0-301F-11D3-BF4B-00C04F79EFBC}") = "Unity.2D.PixelPerfect.Editor", "Unity.2D.PixelPerfect.Editor.csproj", "{39442013-C304-69D9-7CC3-02036624521E}"
EndProject
Project("{FAE04EC0-301F-11D3-BF4B-00C04F79EFBC}") = "Unity.VSCode.Editor", "Unity.VSCode.Editor.csproj", "{AB827F42-8F27-855F-F5C0-6C7E6EFB9E9A}"
EndProject
Project("{FAE04EC0-301F-11D3-BF4B-00C04F79EFBC}") = "Unity.2D.Common.Editor", "Unity.2D.Common.Editor.csproj", "{554CFA8F-816C-BDF4-483E-24170D49FFE6}"
EndProject
Project("{FAE04EC0-301F-11D3-BF4B-00C04F79EFBC}") = "Unity.Mathematics.Editor", "Unity.Mathematics.Editor.csproj", "{59D81DE3-7429-9217-563E-9D0E7A5994A1}"
EndProject
Project("{FAE04EC0-301F-11D3-BF4B-00C04F79EFBC}") = "Unity.InternalAPIEditorBridge.001", "Unity.InternalAPIEditorBridge.001.csproj", "{6D176D04-7CAE-DF8A-3B4C-AA1857911807}"
EndProject
Project("{FAE04EC0-301F-11D3-BF4B-00C04F79EFBC}") = "UnityEngine.TestRunner", "UnityEngine.TestRunner.Player.csproj", "{8EBBA6F8-3DEA-F054-3930-24F8A83D3E72}"
EndProject
Project("{FAE04EC0-301F-11D3-BF4B-00C04F79EFBC}") = "Unity.Mathematics", "Unity.Mathematics.Player.csproj", "{B18F7545-C0F3-2793-F339-191D04160EA5}"
EndProject
Project("{FAE04EC0-301F-11D3-BF4B-00C04F79EFBC}") = "Unity.Timeline", "Unity.Timeline.Player.csproj", "{41C59540-36AB-FBF7-E6AF-F0E3D335F97C}"
EndProject
Project("{FAE04EC0-301F-11D3-BF4B-00C04F79EFBC}") = "UnityEngine.UI", "UnityEngine.UI.Player.csproj", "{5B1C3153-E0B0-8860-4577-61462F631030}"
EndProject
Project("{FAE04EC0-301F-11D3-BF4B-00C04F79EFBC}") = "Unity.TextMeshPro", "Unity.TextMeshPro.Player.csproj", "{2D20CFC9-0285-A819-9511-119773E4CAB1}"
EndProject
Project("{FAE04EC0-301F-11D3-BF4B-00C04F79EFBC}") = "Unity.2D.Animation.Runtime", "Unity.2D.Animation.Runtime.Player.csproj", "{7718B208-701D-29F1-4A83-78EB96DCA33F}"
EndProject
Project("{FAE04EC0-301F-11D3-BF4B-00C04F79EFBC}") = "Unity.2D.IK.Runtime", "Unity.2D.IK.Runtime.Player.csproj", "{4B58B0F9-E364-A569-5C95-2C576BBA28E4}"
EndProject
Project("{FAE04EC0-301F-11D3-BF4B-00C04F79EFBC}") = "Unity.2D.SpriteShape.Runtime", "Unity.2D.SpriteShape.Runtime.Player.csproj", "{CF72EC1F-B282-51C4-1C74-26CDFD226BFC}"
EndProject
Project("{FAE04EC0-301F-11D3-BF4B-00C04F79EFBC}") = "Assembly-CSharp", "Assembly-CSharp.Player.csproj", "{5DB7CB50-C488-8EF1-BB51-06C2CC4A725F}"
EndProject
Project("{FAE04EC0-301F-11D3-BF4B-00C04F79EFBC}") = "Unity.2D.PixelPerfect", "Unity.2D.PixelPerfect.Player.csproj", "{846F77A3-B592-4075-4296-3E3822DD69B5}"
EndProject
Project("{FAE04EC0-301F-11D3-BF4B-00C04F79EFBC}") = "Unity.2D.Common.Runtime", "Unity.2D.Common.Runtime.Player.csproj", "{B0FB744B-7933-8983-C60A-5D2AFD4FE31E}"
EndProject
Project("{FAE04EC0-301F-11D3-BF4B-00C04F79EFBC}") = "Unity.InternalAPIEngineBridge.001", "Unity.InternalAPIEngineBridge.001.Player.csproj", "{4B0243F4-4708-9D3B-C225-737C88EC9C21}"
EndProject
Global
	GlobalSection(SolutionConfigurationPlatforms) = preSolution
		Debug|Any CPU = Debug|Any CPU
		Release|Any CPU = Release|Any CPU
	EndGlobalSection
	GlobalSection(ProjectConfigurationPlatforms) = postSolution
		{775EF7C8-8E55-ACA4-ACC9-5CE27DB8B6EB}.Debug|Any CPU.ActiveCfg = Debug|Any CPU
		{775EF7C8-8E55-ACA4-ACC9-5CE27DB8B6EB}.Debug|Any CPU.Build.0 = Debug|Any CPU
		{775EF7C8-8E55-ACA4-ACC9-5CE27DB8B6EB}.Release|Any CPU.ActiveCfg = Release|Any CPU
		{775EF7C8-8E55-ACA4-ACC9-5CE27DB8B6EB}.Release|Any CPU.Build.0 = Release|Any CPU
		{03950B3B-AF5A-20A0-138C-E0923000631E}.Debug|Any CPU.ActiveCfg = Debug|Any CPU
		{03950B3B-AF5A-20A0-138C-E0923000631E}.Debug|Any CPU.Build.0 = Debug|Any CPU
		{03950B3B-AF5A-20A0-138C-E0923000631E}.Release|Any CPU.ActiveCfg = Release|Any CPU
		{03950B3B-AF5A-20A0-138C-E0923000631E}.Release|Any CPU.Build.0 = Release|Any CPU
		{80D492BD-C878-5D69-70F1-37B5C20D2D69}.Debug|Any CPU.ActiveCfg = Debug|Any CPU
		{80D492BD-C878-5D69-70F1-37B5C20D2D69}.Debug|Any CPU.Build.0 = Debug|Any CPU
		{80D492BD-C878-5D69-70F1-37B5C20D2D69}.Release|Any CPU.ActiveCfg = Release|Any CPU
		{80D492BD-C878-5D69-70F1-37B5C20D2D69}.Release|Any CPU.Build.0 = Release|Any CPU
		{15DD3F12-0142-5C30-339E-7B425738C504}.Debug|Any CPU.ActiveCfg = Debug|Any CPU
		{15DD3F12-0142-5C30-339E-7B425738C504}.Debug|Any CPU.Build.0 = Debug|Any CPU
		{15DD3F12-0142-5C30-339E-7B425738C504}.Release|Any CPU.ActiveCfg = Release|Any CPU
		{15DD3F12-0142-5C30-339E-7B425738C504}.Release|Any CPU.Build.0 = Release|Any CPU
		{A09FCAAB-B179-A6C3-55C7-7F799E62F254}.Debug|Any CPU.ActiveCfg = Debug|Any CPU
		{A09FCAAB-B179-A6C3-55C7-7F799E62F254}.Debug|Any CPU.Build.0 = Debug|Any CPU
		{A09FCAAB-B179-A6C3-55C7-7F799E62F254}.Release|Any CPU.ActiveCfg = Release|Any CPU
		{A09FCAAB-B179-A6C3-55C7-7F799E62F254}.Release|Any CPU.Build.0 = Release|Any CPU
		{03D47F7E-340A-9A7A-B7ED-6095298BF56A}.Debug|Any CPU.ActiveCfg = Debug|Any CPU
		{03D47F7E-340A-9A7A-B7ED-6095298BF56A}.Debug|Any CPU.Build.0 = Debug|Any CPU
		{03D47F7E-340A-9A7A-B7ED-6095298BF56A}.Release|Any CPU.ActiveCfg = Release|Any CPU
		{03D47F7E-340A-9A7A-B7ED-6095298BF56A}.Release|Any CPU.Build.0 = Release|Any CPU
		{641B8B18-17AA-5817-0776-45CDC799AD4D}.Debug|Any CPU.ActiveCfg = Debug|Any CPU
		{641B8B18-17AA-5817-0776-45CDC799AD4D}.Debug|Any CPU.Build.0 = Debug|Any CPU
		{641B8B18-17AA-5817-0776-45CDC799AD4D}.Release|Any CPU.ActiveCfg = Release|Any CPU
		{641B8B18-17AA-5817-0776-45CDC799AD4D}.Release|Any CPU.Build.0 = Release|Any CPU
		{60C229F8-07FE-BDBE-5920-D09ED7CAA628}.Debug|Any CPU.ActiveCfg = Debug|Any CPU
		{60C229F8-07FE-BDBE-5920-D09ED7CAA628}.Debug|Any CPU.Build.0 = Debug|Any CPU
		{60C229F8-07FE-BDBE-5920-D09ED7CAA628}.Release|Any CPU.ActiveCfg = Release|Any CPU
		{60C229F8-07FE-BDBE-5920-D09ED7CAA628}.Release|Any CPU.Build.0 = Release|Any CPU
		{C04D030D-8EB3-4B2F-E198-035EADE560E7}.Debug|Any CPU.ActiveCfg = Debug|Any CPU
		{C04D030D-8EB3-4B2F-E198-035EADE560E7}.Debug|Any CPU.Build.0 = Debug|Any CPU
		{C04D030D-8EB3-4B2F-E198-035EADE560E7}.Release|Any CPU.ActiveCfg = Release|Any CPU
		{C04D030D-8EB3-4B2F-E198-035EADE560E7}.Release|Any CPU.Build.0 = Release|Any CPU
		{3A5A4558-D003-D504-84FD-C7EF83AE421C}.Debug|Any CPU.ActiveCfg = Debug|Any CPU
		{3A5A4558-D003-D504-84FD-C7EF83AE421C}.Debug|Any CPU.Build.0 = Debug|Any CPU
		{3A5A4558-D003-D504-84FD-C7EF83AE421C}.Release|Any CPU.ActiveCfg = Release|Any CPU
		{3A5A4558-D003-D504-84FD-C7EF83AE421C}.Release|Any CPU.Build.0 = Release|Any CPU
		{B8AF0F22-6635-2CAA-039F-8C81C6F92C67}.Debug|Any CPU.ActiveCfg = Debug|Any CPU
		{B8AF0F22-6635-2CAA-039F-8C81C6F92C67}.Debug|Any CPU.Build.0 = Debug|Any CPU
		{B8AF0F22-6635-2CAA-039F-8C81C6F92C67}.Release|Any CPU.ActiveCfg = Release|Any CPU
		{B8AF0F22-6635-2CAA-039F-8C81C6F92C67}.Release|Any CPU.Build.0 = Release|Any CPU
		{1822EC5F-DD27-29FC-5D87-36D370026CBB}.Debug|Any CPU.ActiveCfg = Debug|Any CPU
		{1822EC5F-DD27-29FC-5D87-36D370026CBB}.Debug|Any CPU.Build.0 = Debug|Any CPU
		{1822EC5F-DD27-29FC-5D87-36D370026CBB}.Release|Any CPU.ActiveCfg = Release|Any CPU
		{1822EC5F-DD27-29FC-5D87-36D370026CBB}.Release|Any CPU.Build.0 = Release|Any CPU
		{C8CF7129-AF6F-A9BE-9AFC-FC6910384C94}.Debug|Any CPU.ActiveCfg = Debug|Any CPU
		{C8CF7129-AF6F-A9BE-9AFC-FC6910384C94}.Debug|Any CPU.Build.0 = Debug|Any CPU
		{C8CF7129-AF6F-A9BE-9AFC-FC6910384C94}.Release|Any CPU.ActiveCfg = Release|Any CPU
		{C8CF7129-AF6F-A9BE-9AFC-FC6910384C94}.Release|Any CPU.Build.0 = Release|Any CPU
		{A78039D1-B260-2ECF-80AB-256E39AA393D}.Debug|Any CPU.ActiveCfg = Debug|Any CPU
		{A78039D1-B260-2ECF-80AB-256E39AA393D}.Debug|Any CPU.Build.0 = Debug|Any CPU
		{A78039D1-B260-2ECF-80AB-256E39AA393D}.Release|Any CPU.ActiveCfg = Release|Any CPU
		{A78039D1-B260-2ECF-80AB-256E39AA393D}.Release|Any CPU.Build.0 = Release|Any CPU
		{CB094913-EC4B-AF08-B0F8-29C9DC8FE318}.Debug|Any CPU.ActiveCfg = Debug|Any CPU
		{CB094913-EC4B-AF08-B0F8-29C9DC8FE318}.Debug|Any CPU.Build.0 = Debug|Any CPU
		{CB094913-EC4B-AF08-B0F8-29C9DC8FE318}.Release|Any CPU.ActiveCfg = Release|Any CPU
		{CB094913-EC4B-AF08-B0F8-29C9DC8FE318}.Release|Any CPU.Build.0 = Release|Any CPU
		{296DBFF0-52F8-47CA-8C90-5B468ED591EE}.Debug|Any CPU.ActiveCfg = Debug|Any CPU
		{296DBFF0-52F8-47CA-8C90-5B468ED591EE}.Debug|Any CPU.Build.0 = Debug|Any CPU
		{296DBFF0-52F8-47CA-8C90-5B468ED591EE}.Release|Any CPU.ActiveCfg = Release|Any CPU
		{296DBFF0-52F8-47CA-8C90-5B468ED591EE}.Release|Any CPU.Build.0 = Release|Any CPU
		{DB1537EE-A182-48C8-FB55-08547281F9EE}.Debug|Any CPU.ActiveCfg = Debug|Any CPU
		{DB1537EE-A182-48C8-FB55-08547281F9EE}.Debug|Any CPU.Build.0 = Debug|Any CPU
		{DB1537EE-A182-48C8-FB55-08547281F9EE}.Release|Any CPU.ActiveCfg = Release|Any CPU
		{DB1537EE-A182-48C8-FB55-08547281F9EE}.Release|Any CPU.Build.0 = Release|Any CPU
		{12A4C69E-9869-6FAD-2D8B-E99D2B18A06A}.Debug|Any CPU.ActiveCfg = Debug|Any CPU
		{12A4C69E-9869-6FAD-2D8B-E99D2B18A06A}.Debug|Any CPU.Build.0 = Debug|Any CPU
		{12A4C69E-9869-6FAD-2D8B-E99D2B18A06A}.Release|Any CPU.ActiveCfg = Release|Any CPU
		{12A4C69E-9869-6FAD-2D8B-E99D2B18A06A}.Release|Any CPU.Build.0 = Release|Any CPU
		{6B490FF7-0F23-77FC-5597-5CE1D78AC131}.Debug|Any CPU.ActiveCfg = Debug|Any CPU
		{6B490FF7-0F23-77FC-5597-5CE1D78AC131}.Debug|Any CPU.Build.0 = Debug|Any CPU
		{6B490FF7-0F23-77FC-5597-5CE1D78AC131}.Release|Any CPU.ActiveCfg = Release|Any CPU
		{6B490FF7-0F23-77FC-5597-5CE1D78AC131}.Release|Any CPU.Build.0 = Release|Any CPU
		{42FF2C57-C145-777D-03EC-08F4CB452CC7}.Debug|Any CPU.ActiveCfg = Debug|Any CPU
		{42FF2C57-C145-777D-03EC-08F4CB452CC7}.Debug|Any CPU.Build.0 = Debug|Any CPU
		{42FF2C57-C145-777D-03EC-08F4CB452CC7}.Release|Any CPU.ActiveCfg = Release|Any CPU
		{42FF2C57-C145-777D-03EC-08F4CB452CC7}.Release|Any CPU.Build.0 = Release|Any CPU
		{5F3191DF-3CA5-80C8-A69E-9613CD6AFCE3}.Debug|Any CPU.ActiveCfg = Debug|Any CPU
		{5F3191DF-3CA5-80C8-A69E-9613CD6AFCE3}.Debug|Any CPU.Build.0 = Debug|Any CPU
		{5F3191DF-3CA5-80C8-A69E-9613CD6AFCE3}.Release|Any CPU.ActiveCfg = Release|Any CPU
		{5F3191DF-3CA5-80C8-A69E-9613CD6AFCE3}.Release|Any CPU.Build.0 = Release|Any CPU
		{7AEA06BE-91DD-9174-2F78-8B53B324AFBF}.Debug|Any CPU.ActiveCfg = Debug|Any CPU
		{7AEA06BE-91DD-9174-2F78-8B53B324AFBF}.Debug|Any CPU.Build.0 = Debug|Any CPU
		{7AEA06BE-91DD-9174-2F78-8B53B324AFBF}.Release|Any CPU.ActiveCfg = Release|Any CPU
		{7AEA06BE-91DD-9174-2F78-8B53B324AFBF}.Release|Any CPU.Build.0 = Release|Any CPU
		{44DFC0A5-909B-A0AA-4CD7-14F8DA83C1F8}.Debug|Any CPU.ActiveCfg = Debug|Any CPU
		{44DFC0A5-909B-A0AA-4CD7-14F8DA83C1F8}.Debug|Any CPU.Build.0 = Debug|Any CPU
		{44DFC0A5-909B-A0AA-4CD7-14F8DA83C1F8}.Release|Any CPU.ActiveCfg = Release|Any CPU
		{44DFC0A5-909B-A0AA-4CD7-14F8DA83C1F8}.Release|Any CPU.Build.0 = Release|Any CPU
		{F4C4561B-4915-E45E-7EC2-99B8F1E08243}.Debug|Any CPU.ActiveCfg = Debug|Any CPU
		{F4C4561B-4915-E45E-7EC2-99B8F1E08243}.Debug|Any CPU.Build.0 = Debug|Any CPU
		{F4C4561B-4915-E45E-7EC2-99B8F1E08243}.Release|Any CPU.ActiveCfg = Release|Any CPU
		{F4C4561B-4915-E45E-7EC2-99B8F1E08243}.Release|Any CPU.Build.0 = Release|Any CPU
		{D71CDE32-E940-188D-6465-BDA26C60DF83}.Debug|Any CPU.ActiveCfg = Debug|Any CPU
		{D71CDE32-E940-188D-6465-BDA26C60DF83}.Debug|Any CPU.Build.0 = Debug|Any CPU
		{D71CDE32-E940-188D-6465-BDA26C60DF83}.Release|Any CPU.ActiveCfg = Release|Any CPU
		{D71CDE32-E940-188D-6465-BDA26C60DF83}.Release|Any CPU.Build.0 = Release|Any CPU
		{EFA1DE66-62EF-D09D-3C61-CE8E02B1D323}.Debug|Any CPU.ActiveCfg = Debug|Any CPU
		{EFA1DE66-62EF-D09D-3C61-CE8E02B1D323}.Debug|Any CPU.Build.0 = Debug|Any CPU
		{EFA1DE66-62EF-D09D-3C61-CE8E02B1D323}.Release|Any CPU.ActiveCfg = Release|Any CPU
		{EFA1DE66-62EF-D09D-3C61-CE8E02B1D323}.Release|Any CPU.Build.0 = Release|Any CPU
		{8AD06300-0CC5-680C-43E1-B16D933945D1}.Debug|Any CPU.ActiveCfg = Debug|Any CPU
		{8AD06300-0CC5-680C-43E1-B16D933945D1}.Debug|Any CPU.Build.0 = Debug|Any CPU
		{8AD06300-0CC5-680C-43E1-B16D933945D1}.Release|Any CPU.ActiveCfg = Release|Any CPU
		{8AD06300-0CC5-680C-43E1-B16D933945D1}.Release|Any CPU.Build.0 = Release|Any CPU
		{0A654004-7350-A4A5-09BB-A26CA08AC40F}.Debug|Any CPU.ActiveCfg = Debug|Any CPU
		{0A654004-7350-A4A5-09BB-A26CA08AC40F}.Debug|Any CPU.Build.0 = Debug|Any CPU
		{0A654004-7350-A4A5-09BB-A26CA08AC40F}.Release|Any CPU.ActiveCfg = Release|Any CPU
		{0A654004-7350-A4A5-09BB-A26CA08AC40F}.Release|Any CPU.Build.0 = Release|Any CPU
		{8094CD38-9361-C30D-14DD-54160688ED92}.Debug|Any CPU.ActiveCfg = Debug|Any CPU
		{8094CD38-9361-C30D-14DD-54160688ED92}.Debug|Any CPU.Build.0 = Debug|Any CPU
		{8094CD38-9361-C30D-14DD-54160688ED92}.Release|Any CPU.ActiveCfg = Release|Any CPU
		{8094CD38-9361-C30D-14DD-54160688ED92}.Release|Any CPU.Build.0 = Release|Any CPU
		{5454CA8D-F216-B9AF-C903-D44A3E30336C}.Debug|Any CPU.ActiveCfg = Debug|Any CPU
		{5454CA8D-F216-B9AF-C903-D44A3E30336C}.Debug|Any CPU.Build.0 = Debug|Any CPU
		{5454CA8D-F216-B9AF-C903-D44A3E30336C}.Release|Any CPU.ActiveCfg = Release|Any CPU
		{5454CA8D-F216-B9AF-C903-D44A3E30336C}.Release|Any CPU.Build.0 = Release|Any CPU
		{39442013-C304-69D9-7CC3-02036624521E}.Debug|Any CPU.ActiveCfg = Debug|Any CPU
		{39442013-C304-69D9-7CC3-02036624521E}.Debug|Any CPU.Build.0 = Debug|Any CPU
		{39442013-C304-69D9-7CC3-02036624521E}.Release|Any CPU.ActiveCfg = Release|Any CPU
		{39442013-C304-69D9-7CC3-02036624521E}.Release|Any CPU.Build.0 = Release|Any CPU
		{AB827F42-8F27-855F-F5C0-6C7E6EFB9E9A}.Debug|Any CPU.ActiveCfg = Debug|Any CPU
		{AB827F42-8F27-855F-F5C0-6C7E6EFB9E9A}.Debug|Any CPU.Build.0 = Debug|Any CPU
		{AB827F42-8F27-855F-F5C0-6C7E6EFB9E9A}.Release|Any CPU.ActiveCfg = Release|Any CPU
		{AB827F42-8F27-855F-F5C0-6C7E6EFB9E9A}.Release|Any CPU.Build.0 = Release|Any CPU
		{554CFA8F-816C-BDF4-483E-24170D49FFE6}.Debug|Any CPU.ActiveCfg = Debug|Any CPU
		{554CFA8F-816C-BDF4-483E-24170D49FFE6}.Debug|Any CPU.Build.0 = Debug|Any CPU
		{554CFA8F-816C-BDF4-483E-24170D49FFE6}.Release|Any CPU.ActiveCfg = Release|Any CPU
		{554CFA8F-816C-BDF4-483E-24170D49FFE6}.Release|Any CPU.Build.0 = Release|Any CPU
		{59D81DE3-7429-9217-563E-9D0E7A5994A1}.Debug|Any CPU.ActiveCfg = Debug|Any CPU
		{59D81DE3-7429-9217-563E-9D0E7A5994A1}.Debug|Any CPU.Build.0 = Debug|Any CPU
		{59D81DE3-7429-9217-563E-9D0E7A5994A1}.Release|Any CPU.ActiveCfg = Release|Any CPU
		{59D81DE3-7429-9217-563E-9D0E7A5994A1}.Release|Any CPU.Build.0 = Release|Any CPU
		{6D176D04-7CAE-DF8A-3B4C-AA1857911807}.Debug|Any CPU.ActiveCfg = Debug|Any CPU
		{6D176D04-7CAE-DF8A-3B4C-AA1857911807}.Debug|Any CPU.Build.0 = Debug|Any CPU
		{6D176D04-7CAE-DF8A-3B4C-AA1857911807}.Release|Any CPU.ActiveCfg = Release|Any CPU
		{6D176D04-7CAE-DF8A-3B4C-AA1857911807}.Release|Any CPU.Build.0 = Release|Any CPU
		{8EBBA6F8-3DEA-F054-3930-24F8A83D3E72}.Debug|Any CPU.ActiveCfg = Debug|Any CPU
		{8EBBA6F8-3DEA-F054-3930-24F8A83D3E72}.Debug|Any CPU.Build.0 = Debug|Any CPU
		{8EBBA6F8-3DEA-F054-3930-24F8A83D3E72}.Release|Any CPU.ActiveCfg = Release|Any CPU
		{8EBBA6F8-3DEA-F054-3930-24F8A83D3E72}.Release|Any CPU.Build.0 = Release|Any CPU
		{B18F7545-C0F3-2793-F339-191D04160EA5}.Debug|Any CPU.ActiveCfg = Debug|Any CPU
		{B18F7545-C0F3-2793-F339-191D04160EA5}.Debug|Any CPU.Build.0 = Debug|Any CPU
		{B18F7545-C0F3-2793-F339-191D04160EA5}.Release|Any CPU.ActiveCfg = Release|Any CPU
		{B18F7545-C0F3-2793-F339-191D04160EA5}.Release|Any CPU.Build.0 = Release|Any CPU
		{41C59540-36AB-FBF7-E6AF-F0E3D335F97C}.Debug|Any CPU.ActiveCfg = Debug|Any CPU
		{41C59540-36AB-FBF7-E6AF-F0E3D335F97C}.Debug|Any CPU.Build.0 = Debug|Any CPU
		{41C59540-36AB-FBF7-E6AF-F0E3D335F97C}.Release|Any CPU.ActiveCfg = Release|Any CPU
		{41C59540-36AB-FBF7-E6AF-F0E3D335F97C}.Release|Any CPU.Build.0 = Release|Any CPU
		{5B1C3153-E0B0-8860-4577-61462F631030}.Debug|Any CPU.ActiveCfg = Debug|Any CPU
		{5B1C3153-E0B0-8860-4577-61462F631030}.Debug|Any CPU.Build.0 = Debug|Any CPU
		{5B1C3153-E0B0-8860-4577-61462F631030}.Release|Any CPU.ActiveCfg = Release|Any CPU
		{5B1C3153-E0B0-8860-4577-61462F631030}.Release|Any CPU.Build.0 = Release|Any CPU
		{2D20CFC9-0285-A819-9511-119773E4CAB1}.Debug|Any CPU.ActiveCfg = Debug|Any CPU
		{2D20CFC9-0285-A819-9511-119773E4CAB1}.Debug|Any CPU.Build.0 = Debug|Any CPU
		{2D20CFC9-0285-A819-9511-119773E4CAB1}.Release|Any CPU.ActiveCfg = Release|Any CPU
		{2D20CFC9-0285-A819-9511-119773E4CAB1}.Release|Any CPU.Build.0 = Release|Any CPU
		{7718B208-701D-29F1-4A83-78EB96DCA33F}.Debug|Any CPU.ActiveCfg = Debug|Any CPU
		{7718B208-701D-29F1-4A83-78EB96DCA33F}.Debug|Any CPU.Build.0 = Debug|Any CPU
		{7718B208-701D-29F1-4A83-78EB96DCA33F}.Release|Any CPU.ActiveCfg = Release|Any CPU
		{7718B208-701D-29F1-4A83-78EB96DCA33F}.Release|Any CPU.Build.0 = Release|Any CPU
		{4B58B0F9-E364-A569-5C95-2C576BBA28E4}.Debug|Any CPU.ActiveCfg = Debug|Any CPU
		{4B58B0F9-E364-A569-5C95-2C576BBA28E4}.Debug|Any CPU.Build.0 = Debug|Any CPU
		{4B58B0F9-E364-A569-5C95-2C576BBA28E4}.Release|Any CPU.ActiveCfg = Release|Any CPU
		{4B58B0F9-E364-A569-5C95-2C576BBA28E4}.Release|Any CPU.Build.0 = Release|Any CPU
		{CF72EC1F-B282-51C4-1C74-26CDFD226BFC}.Debug|Any CPU.ActiveCfg = Debug|Any CPU
		{CF72EC1F-B282-51C4-1C74-26CDFD226BFC}.Debug|Any CPU.Build.0 = Debug|Any CPU
		{CF72EC1F-B282-51C4-1C74-26CDFD226BFC}.Release|Any CPU.ActiveCfg = Release|Any CPU
		{CF72EC1F-B282-51C4-1C74-26CDFD226BFC}.Release|Any CPU.Build.0 = Release|Any CPU
		{5DB7CB50-C488-8EF1-BB51-06C2CC4A725F}.Debug|Any CPU.ActiveCfg = Debug|Any CPU
		{5DB7CB50-C488-8EF1-BB51-06C2CC4A725F}.Debug|Any CPU.Build.0 = Debug|Any CPU
		{5DB7CB50-C488-8EF1-BB51-06C2CC4A725F}.Release|Any CPU.ActiveCfg = Release|Any CPU
		{5DB7CB50-C488-8EF1-BB51-06C2CC4A725F}.Release|Any CPU.Build.0 = Release|Any CPU
		{846F77A3-B592-4075-4296-3E3822DD69B5}.Debug|Any CPU.ActiveCfg = Debug|Any CPU
		{846F77A3-B592-4075-4296-3E3822DD69B5}.Debug|Any CPU.Build.0 = Debug|Any CPU
		{846F77A3-B592-4075-4296-3E3822DD69B5}.Release|Any CPU.ActiveCfg = Release|Any CPU
		{846F77A3-B592-4075-4296-3E3822DD69B5}.Release|Any CPU.Build.0 = Release|Any CPU
		{B0FB744B-7933-8983-C60A-5D2AFD4FE31E}.Debug|Any CPU.ActiveCfg = Debug|Any CPU
		{B0FB744B-7933-8983-C60A-5D2AFD4FE31E}.Debug|Any CPU.Build.0 = Debug|Any CPU
		{B0FB744B-7933-8983-C60A-5D2AFD4FE31E}.Release|Any CPU.ActiveCfg = Release|Any CPU
		{B0FB744B-7933-8983-C60A-5D2AFD4FE31E}.Release|Any CPU.Build.0 = Release|Any CPU
		{4B0243F4-4708-9D3B-C225-737C88EC9C21}.Debug|Any CPU.ActiveCfg = Debug|Any CPU
		{4B0243F4-4708-9D3B-C225-737C88EC9C21}.Debug|Any CPU.Build.0 = Debug|Any CPU
		{4B0243F4-4708-9D3B-C225-737C88EC9C21}.Release|Any CPU.ActiveCfg = Release|Any CPU
		{4B0243F4-4708-9D3B-C225-737C88EC9C21}.Release|Any CPU.Build.0 = Release|Any CPU
	EndGlobalSection
	GlobalSection(SolutionProperties) = preSolution
		HideSolutionNode = FALSE
	EndGlobalSection
EndGlobal
